PODS:
  - SDWebImage (4.3.2):
    - SDWebImage/Core (= 4.3.2)
  - SDWebImage/Core (4.3.2)
  - TwitterCore (3.1.0)
  - TwitterKit (3.3.0):
    - TwitterCore (>= 3.1.0)

DEPENDENCIES:
  - SDWebImage (~> 4.0)
  - TwitterKit

SPEC CHECKSUMS:
  SDWebImage: 29bd3c0bc1f01e5eb59720847c64ad4c4ca1af5d
  TwitterCore: 644d59e75abccb26cf0a9050d2c4dea0e5412241
  TwitterKit: a2e60ddcedbf54091eac6f27685ca7a87681e1d7

PODFILE CHECKSUM: 209bcb9237fda224adb793fe541db1c996749276

COCOAPODS: 1.4.0
